
Microsoft Visual Studio Solution File, Format Version 12.00
# Visual Studio Version 17
VisualStudioVersion = 17.9.34728.123
MinimumVisualStudioVersion = 10.0.40219.1
Project("{8BC9CEB8-8B4A-11D0-8D11-00A0C91BC942}") = "Magmite", "Magmite\Magmite.vcxproj", "{EB0DFB58-D32F-493A-8B9B-FF152671E29B}"
EndProject
Global
	GlobalSection(SolutionConfigurationPlatforms) = preSolution
		Debug|x64 = Debug|x64
		Debug|x86 = Debug|x86
		Release|x64 = Release|x64
		Release|x86 = Release|x86
	EndGlobalSection
	GlobalSection(ProjectConfigurationPlatforms) = postSolution
		{EB0DFB58-D32F-493A-8B9B-FF152671E29B}.Debug|x64.ActiveCfg = Debug|x64
		{EB0DFB58-D32F-493A-8B9B-FF152671E29B}.Debug|x64.Build.0 = Debug|x64
		{EB0DFB58-D32F-493A-8B9B-FF152671E29B}.Debug|x86.ActiveCfg = Debug|Win32
		{EB0DFB58-D32F-493A-8B9B-FF152671E29B}.Debug|x86.Build.0 = Debug|Win32
		{EB0DFB58-D32F-493A-8B9B-FF152671E29B}.Release|x64.ActiveCfg = Release|x64
		{EB0DFB58-D32F-493A-8B9B-FF152671E29B}.Release|x64.Build.0 = Release|x64
		{EB0DFB58-D32F-493A-8B9B-FF152671E29B}.Release|x86.ActiveCfg = Release|Win32
		{EB0DFB58-D32F-493A-8B9B-FF152671E29B}.Release|x86.Build.0 = Release|Win32
	EndGlobalSection
	GlobalSection(SolutionProperties) = preSolution
		HideSolutionNode = FALSE
	EndGlobalSection
	GlobalSection(ExtensibilityGlobals) = postSolution
		SolutionGuid = {4EBF69FB-06F4-44D9-A5AD-55EE1A2B6A6F}
	EndGlobalSection
EndGlobal
